
Microsoft Visual Studio Solution File, Format Version 12.00
# Visual Studio 15
VisualStudioVersion = 15.0.28307.329
MinimumVisualStudioVersion = 10.0.40219.1
Project("{FAE04EC0-301F-11D3-BF4B-00C04F79EFBC}") = "PVLV", "PVLV.csproj", "{22D61AA3-C8DA-407C-B1B9-27EAACDB4AF5}"
EndProject
Global
	GlobalSection(SolutionConfigurationPlatforms) = preSolution
		Debug|Any CPU = Debug|Any CPU
		Release|Any CPU = Release|Any CPU
	EndGlobalSection
	GlobalSection(ProjectConfigurationPlatforms) = postSolution
		{22D61AA3-C8DA-407C-B1B9-27EAACDB4AF5}.Debug|Any CPU.ActiveCfg = Debug|Any CPU
		{22D61AA3-C8DA-407C-B1B9-27EAACDB4AF5}.Debug|Any CPU.Build.0 = Debug|Any CPU
		{22D61AA3-C8DA-407C-B1B9-27EAACDB4AF5}.Release|Any CPU.ActiveCfg = Release|Any CPU
		{22D61AA3-C8DA-407C-B1B9-27EAACDB4AF5}.Release|Any CPU.Build.0 = Release|Any CPU
	EndGlobalSection
	GlobalSection(SolutionProperties) = preSolution
		HideSolutionNode = FALSE
	EndGlobalSection
	GlobalSection(ExtensibilityGlobals) = postSolution
		SolutionGuid = {6AE3FE22-75EA-4B42-AC7F-485D0317FD44}
	EndGlobalSection
EndGlobal
